
Microsoft Visual Studio Solution File, Format Version 12.00
# Visual Studio Version 17
VisualStudioVersion = 17.10.35013.160
MinimumVisualStudioVersion = 10.0.40219.1
Project("{2150E333-8FDC-42A3-9474-1A3956D46DE8}") = "src", "src", "{48946815-6C89-487A-AF73-622310B871C0}"
EndProject
Project("{2150E333-8FDC-42A3-9474-1A3956D46DE8}") = "tests", "tests", "{48106909-02C0-45CF-9207-34D9DB9B9BE2}"
EndProject
Project("{2150E333-8FDC-42A3-9474-1A3956D46DE8}") = "Presentation", "Presentation", "{C7E60ADA-B7C1-4912-85D6-93EF9A3CEF12}"
EndProject
Project("{2150E333-8FDC-42A3-9474-1A3956D46DE8}") = "Application", "Application", "{0E34C4D1-2F33-47D2-94EE-BAAED5BE2CFC}"
EndProject
Project("{2150E333-8FDC-42A3-9474-1A3956D46DE8}") = "Infrastructure", "Infrastructure", "{946002DE-71AE-44F2-9F4D-BD0C2B7DB5CC}"
EndProject
Project("{2150E333-8FDC-42A3-9474-1A3956D46DE8}") = "Domain", "Domain", "{BEE0AB27-CA10-41E4-96A2-73A9C67ADBE4}"
EndProject
Project("{2150E333-8FDC-42A3-9474-1A3956D46DE8}") = "Common", "Common", "{54A9672F-6213-4534-8031-17CFDAA1C074}"
EndProject
Project("{FAE04EC0-301F-11D3-BF4B-00C04F79EFBC}") = "Pamlfit.Api", "Pamlfit.Api\Pamlfit.Api.csproj", "{9C445AEE-01BA-4411-8FAD-1731E182A2BC}"
EndProject
Project("{FAE04EC0-301F-11D3-BF4B-00C04F79EFBC}") = "Plamfit.Application", "Plamfit.Application\Plamfit.Application.csproj", "{1C9F99B0-4539-4BD2-B318-9EDD213B2B37}"
EndProject
Project("{FAE04EC0-301F-11D3-BF4B-00C04F79EFBC}") = "PalmFit.Infrastructure", "PalmFit.Infrastructure\PalmFit.Infrastructure.csproj", "{99E35B5C-57CF-4C1C-B461-06B74FC97B3B}"
EndProject
Project("{FAE04EC0-301F-11D3-BF4B-00C04F79EFBC}") = "Plamfit.Domain", "Plamfit.Domain\Plamfit.Domain.csproj", "{9204B2F0-DD00-423B-8451-9D263B97894C}"
EndProject
Project("{FAE04EC0-301F-11D3-BF4B-00C04F79EFBC}") = "PalmFit.Common", "PalmFit.Common\PalmFit.Common.csproj", "{47206FDD-F4E6-4612-BD83-157A802E4D21}"
EndProject
Project("{2150E333-8FDC-42A3-9474-1A3956D46DE8}") = "Export", "Export", "{F2B3CC0E-B307-431E-AD01-CCF8ADF543F3}"
EndProject
Project("{FAE04EC0-301F-11D3-BF4B-00C04F79EFBC}") = "PalmFit.Export", "PalmFit.Export\PalmFit.Export.csproj", "{A2C8A126-2977-4529-B553-DB0A1270C959}"
EndProject
Global
	GlobalSection(SolutionConfigurationPlatforms) = preSolution
		Debug|Any CPU = Debug|Any CPU
		Release|Any CPU = Release|Any CPU
	EndGlobalSection
	GlobalSection(ProjectConfigurationPlatforms) = postSolution
		{9C445AEE-01BA-4411-8FAD-1731E182A2BC}.Debug|Any CPU.ActiveCfg = Debug|Any CPU
		{9C445AEE-01BA-4411-8FAD-1731E182A2BC}.Debug|Any CPU.Build.0 = Debug|Any CPU
		{9C445AEE-01BA-4411-8FAD-1731E182A2BC}.Release|Any CPU.ActiveCfg = Release|Any CPU
		{9C445AEE-01BA-4411-8FAD-1731E182A2BC}.Release|Any CPU.Build.0 = Release|Any CPU
		{1C9F99B0-4539-4BD2-B318-9EDD213B2B37}.Debug|Any CPU.ActiveCfg = Debug|Any CPU
		{1C9F99B0-4539-4BD2-B318-9EDD213B2B37}.Debug|Any CPU.Build.0 = Debug|Any CPU
		{1C9F99B0-4539-4BD2-B318-9EDD213B2B37}.Release|Any CPU.ActiveCfg = Release|Any CPU
		{1C9F99B0-4539-4BD2-B318-9EDD213B2B37}.Release|Any CPU.Build.0 = Release|Any CPU
		{99E35B5C-57CF-4C1C-B461-06B74FC97B3B}.Debug|Any CPU.ActiveCfg = Debug|Any CPU
		{99E35B5C-57CF-4C1C-B461-06B74FC97B3B}.Debug|Any CPU.Build.0 = Debug|Any CPU
		{99E35B5C-57CF-4C1C-B461-06B74FC97B3B}.Release|Any CPU.ActiveCfg = Release|Any CPU
		{99E35B5C-57CF-4C1C-B461-06B74FC97B3B}.Release|Any CPU.Build.0 = Release|Any CPU
		{9204B2F0-DD00-423B-8451-9D263B97894C}.Debug|Any CPU.ActiveCfg = Debug|Any CPU
		{9204B2F0-DD00-423B-8451-9D263B97894C}.Debug|Any CPU.Build.0 = Debug|Any CPU
		{9204B2F0-DD00-423B-8451-9D263B97894C}.Release|Any CPU.ActiveCfg = Release|Any CPU
		{9204B2F0-DD00-423B-8451-9D263B97894C}.Release|Any CPU.Build.0 = Release|Any CPU
		{47206FDD-F4E6-4612-BD83-157A802E4D21}.Debug|Any CPU.ActiveCfg = Debug|Any CPU
		{47206FDD-F4E6-4612-BD83-157A802E4D21}.Debug|Any CPU.Build.0 = Debug|Any CPU
		{47206FDD-F4E6-4612-BD83-157A802E4D21}.Release|Any CPU.ActiveCfg = Release|Any CPU
		{47206FDD-F4E6-4612-BD83-157A802E4D21}.Release|Any CPU.Build.0 = Release|Any CPU
		{A2C8A126-2977-4529-B553-DB0A1270C959}.Debug|Any CPU.ActiveCfg = Debug|Any CPU
		{A2C8A126-2977-4529-B553-DB0A1270C959}.Debug|Any CPU.Build.0 = Debug|Any CPU
		{A2C8A126-2977-4529-B553-DB0A1270C959}.Release|Any CPU.ActiveCfg = Release|Any CPU
		{A2C8A126-2977-4529-B553-DB0A1270C959}.Release|Any CPU.Build.0 = Release|Any CPU
	EndGlobalSection
	GlobalSection(SolutionProperties) = preSolution
		HideSolutionNode = FALSE
	EndGlobalSection
	GlobalSection(NestedProjects) = preSolution
		{C7E60ADA-B7C1-4912-85D6-93EF9A3CEF12} = {48946815-6C89-487A-AF73-622310B871C0}
		{0E34C4D1-2F33-47D2-94EE-BAAED5BE2CFC} = {48946815-6C89-487A-AF73-622310B871C0}
		{946002DE-71AE-44F2-9F4D-BD0C2B7DB5CC} = {48946815-6C89-487A-AF73-622310B871C0}
		{BEE0AB27-CA10-41E4-96A2-73A9C67ADBE4} = {48946815-6C89-487A-AF73-622310B871C0}
		{54A9672F-6213-4534-8031-17CFDAA1C074} = {48946815-6C89-487A-AF73-622310B871C0}
		{9C445AEE-01BA-4411-8FAD-1731E182A2BC} = {C7E60ADA-B7C1-4912-85D6-93EF9A3CEF12}
		{1C9F99B0-4539-4BD2-B318-9EDD213B2B37} = {0E34C4D1-2F33-47D2-94EE-BAAED5BE2CFC}
		{99E35B5C-57CF-4C1C-B461-06B74FC97B3B} = {946002DE-71AE-44F2-9F4D-BD0C2B7DB5CC}
		{9204B2F0-DD00-423B-8451-9D263B97894C} = {BEE0AB27-CA10-41E4-96A2-73A9C67ADBE4}
		{47206FDD-F4E6-4612-BD83-157A802E4D21} = {54A9672F-6213-4534-8031-17CFDAA1C074}
		{F2B3CC0E-B307-431E-AD01-CCF8ADF543F3} = {48946815-6C89-487A-AF73-622310B871C0}
		{A2C8A126-2977-4529-B553-DB0A1270C959} = {F2B3CC0E-B307-431E-AD01-CCF8ADF543F3}
	EndGlobalSection
	GlobalSection(ExtensibilityGlobals) = postSolution
		SolutionGuid = {58323D22-6A80-4A77-9FEC-2BB68F5F12B5}
	EndGlobalSection
EndGlobal
